PODS:
  - IVBezierPathRenderer (0.1.1)
  - JJFloatingActionButton (2.1.0)
  - QuickTableViewController (1.2.1)

DEPENDENCIES:
  - IVBezierPathRenderer
  - JJFloatingActionButton
  - QuickTableViewController

SPEC REPOS:
  trunk:
    - IVBezierPathRenderer
    - JJFloatingActionButton
    - QuickTableViewController

SPEC CHECKSUMS:
  IVBezierPathRenderer: bdc981ad18bb3acb2c9fce0120ecfe9d30e20172
  JJFloatingActionButton: 26805f87c7e9f68c6a91bd9f3f09c2e6b904a84f
  QuickTableViewController: e633756f35ddaafc5997f71bab9b0e512439ed85

PODFILE CHECKSUM: 76e9fa2673cae244fa690c5f1539b57285c1f162

COCOAPODS: 1.8.4
